
Microsoft Visual Studio Solution File, Format Version 12.00
# Visual Studio Version 16
VisualStudioVersion = 16.0.31129.286
MinimumVisualStudioVersion = 10.0.40219.1
Project("{9A19103F-16F7-4668-BE54-9A1E7A4F7556}") = "protoc-gen-template", "protoc-gen-myplugincsharp\protoc-gen-template.csproj", "{CEAE7E46-0FF3-4FDC-91AA-96ABE2B81FBD}"
EndProject
Global
	GlobalSection(SolutionConfigurationPlatforms) = preSolution
		Debug|Any CPU = Debug|Any CPU
		Debug|x64 = Debug|x64
		Native|Any CPU = Native|Any CPU
		Native|x64 = Native|x64
		Release|Any CPU = Release|Any CPU
		Release|x64 = Release|x64
	EndGlobalSection
	GlobalSection(ProjectConfigurationPlatforms) = postSolution
		{CEAE7E46-0FF3-4FDC-91AA-96ABE2B81FBD}.Debug|Any CPU.ActiveCfg = Debug|Any CPU
		{CEAE7E46-0FF3-4FDC-91AA-96ABE2B81FBD}.Debug|Any CPU.Build.0 = Debug|Any CPU
		{CEAE7E46-0FF3-4FDC-91AA-96ABE2B81FBD}.Debug|x64.ActiveCfg = Debug|x64
		{CEAE7E46-0FF3-4FDC-91AA-96ABE2B81FBD}.Debug|x64.Build.0 = Debug|x64
		{CEAE7E46-0FF3-4FDC-91AA-96ABE2B81FBD}.Native|Any CPU.ActiveCfg = Native|Any CPU
		{CEAE7E46-0FF3-4FDC-91AA-96ABE2B81FBD}.Native|Any CPU.Build.0 = Native|Any CPU
		{CEAE7E46-0FF3-4FDC-91AA-96ABE2B81FBD}.Native|x64.ActiveCfg = Native|x64
		{CEAE7E46-0FF3-4FDC-91AA-96ABE2B81FBD}.Native|x64.Build.0 = Native|x64
		{CEAE7E46-0FF3-4FDC-91AA-96ABE2B81FBD}.Release|Any CPU.ActiveCfg = Release|Any CPU
		{CEAE7E46-0FF3-4FDC-91AA-96ABE2B81FBD}.Release|Any CPU.Build.0 = Release|Any CPU
		{CEAE7E46-0FF3-4FDC-91AA-96ABE2B81FBD}.Release|x64.ActiveCfg = Release|x64
		{CEAE7E46-0FF3-4FDC-91AA-96ABE2B81FBD}.Release|x64.Build.0 = Release|x64
	EndGlobalSection
	GlobalSection(SolutionProperties) = preSolution
		HideSolutionNode = FALSE
	EndGlobalSection
	GlobalSection(ExtensibilityGlobals) = postSolution
		SolutionGuid = {87E51AB7-30EE-46CA-82C1-000E4C30B5B8}
	EndGlobalSection
EndGlobal
